
Microsoft Visual Studio Solution File, Format Version 12.00
# Visual Studio Version 16
VisualStudioVersion = 16.0.29306.81
MinimumVisualStudioVersion = 10.0.40219.1
Project("{888888A0-9F3D-457C-B088-3A5042F75D52}") = "YusupMusicBot", "YusupMusicBot.pyproj", "{1B6B2D6B-A22F-41D3-B8DC-4217AF6B57A1}"
EndProject
Global
	GlobalSection(SolutionConfigurationPlatforms) = preSolution
		Debug|Any CPU = Debug|Any CPU
		Release|Any CPU = Release|Any CPU
	EndGlobalSection
	GlobalSection(ProjectConfigurationPlatforms) = postSolution
		{1B6B2D6B-A22F-41D3-B8DC-4217AF6B57A1}.Debug|Any CPU.ActiveCfg = Debug|Any CPU
		{1B6B2D6B-A22F-41D3-B8DC-4217AF6B57A1}.Release|Any CPU.ActiveCfg = Release|Any CPU
	EndGlobalSection
	GlobalSection(SolutionProperties) = preSolution
		HideSolutionNode = FALSE
	EndGlobalSection
	GlobalSection(ExtensibilityGlobals) = postSolution
		SolutionGuid = {2A451F29-5A8C-48D1-9573-452A87E28C45}
	EndGlobalSection
EndGlobal
